version = 1
revision = 3
requires-python = "==3.10.*"

[manifest]
constraints = [
    { name = "anyio", specifier = "~=3.5.0" },
    { name = "argon2-cffi", specifier = "~=21.3.0" },
    { name = "argon2-cffi-bindings", specifier = "~=21.2.0" },
    { name = "asttokens", specifier = "~=2.0.5" },
    { name = "astunparse", specifier = "~=1.6.3" },
    { name = "attrs", specifier = "~=22.1.0" },
    { name = "backcall", specifier = "~=0.2.0" },
    { name = "beautifulsoup4", specifier = "~=4.11.1" },
    { name = "black", specifier = "~=22.6.0" },
    { name = "bleach", specifier = "~=4.1.0" },
    { name = "blinker", specifier = "~=1.4" },
    { name = "boto3", specifier = "~=1.24.28" },
    { name = "botocore", specifier = "~=1.27.96" },
    { name = "cachetools", specifier = "~=5.3.2" },
    { name = "certifi", specifier = "~=2022.12.7" },
    { name = "cffi", specifier = "~=1.15.1" },
    { name = "chardet", specifier = "~=4.0.0" },
    { name = "charset-normalizer", specifier = "~=2.0.4" },
    { name = "click", specifier = "~=8.0.4" },
    { name = "comm", specifier = "~=0.1.2" },
    { name = "contourpy", specifier = "~=1.0.5" },
    { name = "cryptography", specifier = "~=39.0.1" },
    { name = "cycler", specifier = "~=0.11.0" },
    { name = "cython", specifier = "~=0.29.32" },
    { name = "databricks-sdk", specifier = "~=0.20" },
    { name = "debugpy", specifier = "~=1.6.7" },
    { name = "decorator", specifier = "~=5.1.1" },
    { name = "defusedxml", specifier = "~=0.7.1" },
    { name = "distlib", specifier = "~=0.3.8" },
    { name = "docstring-to-markdown", specifier = "~=0.11" },
    { name = "entrypoints", specifier = "~=0.4" },
    { name = "executing", specifier = "~=0.8.3" },
    { name = "facets-overview", specifier = "~=1.1.1" },
    { name = "fastjsonschema", specifier = "~=2.20.0" },
    { name = "filelock", specifier = "~=3.16.1" },
    { name = "fonttools", specifier = "~=4.25.0" },
    { name = "google-auth", specifier = "~=2.28.1" },
    { name = "googleapis-common-protos", specifier = "~=1.62.0" },
    { name = "grpcio", specifier = "~=1.62" },
    { name = "grpcio-status", specifier = "~=1.62" },
    { name = "httplib2", specifier = "~=0.20.2" },
    { name = "idna", specifier = "~=3.4" },
    { name = "importlib-metadata", specifier = "~=4.6.4" },
    { name = "ipyflow-core", specifier = "~=0.0.198" },
    { name = "ipykernel", specifier = "~=6.25.0" },
    { name = "ipython", specifier = "~=8.14.0" },
    { name = "ipython-genutils", specifier = "~=0.2.0" },
    { name = "ipywidgets", specifier = "~=7.7.2" },
    { name = "jedi", specifier = "~=0.18.1" },
    { name = "jeepney", specifier = "~=0.7.1" },
    { name = "jinja2", specifier = "~=3.1.2" },
    { name = "jmespath", specifier = "~=0.10.0" },
    { name = "joblib", specifier = "~=1.2.0" },
    { name = "jsonschema", specifier = "~=4.17.3" },
    { name = "jupyter-client", specifier = "~=7.3.4" },
    { name = "jupyter-core", specifier = "~=5.2.0" },
    { name = "jupyter-server", specifier = "~=1.23.4" },
    { name = "jupyterlab-pygments", specifier = "~=0.1.2" },
    { name = "jupyterlab-widgets", specifier = "~=1.0.0" },
    { name = "keyring", specifier = "~=23.5.0" },
    { name = "kiwisolver", specifier = "~=1.4.4" },
    { name = "launchpadlib", specifier = "~=1.10.16" },
    { name = "lazr-restfulclient", specifier = "~=0.14.4" },
    { name = "lazr-uri", specifier = "~=1.0.6" },
    { name = "lxml", specifier = "~=4.9.1" },
    { name = "markupsafe", specifier = "~=2.1.1" },
    { name = "matplotlib", specifier = "~=3.7.0" },
    { name = "matplotlib-inline", specifier = "~=0.1.6" },
    { name = "mccabe", specifier = "~=0.7.0" },
    { name = "mistune", specifier = "~=0.8.4" },
    { name = "mypy-extensions", specifier = "~=0.4.3" },
    { name = "nbclassic", specifier = "~=0.5.2" },
    { name = "nbclient", specifier = "~=0.5.13" },
    { name = "nbconvert", specifier = "~=6.5.4" },
    { name = "nbformat", specifier = "~=5.7.0" },
    { name = "nest-asyncio", specifier = "~=1.5.6" },
    { name = "nodeenv", specifier = "~=1.9.1" },
    { name = "notebook", specifier = "~=6.5.2" },
    { name = "notebook-shim", specifier = "~=0.2.2" },
    { name = "numpy", specifier = "~=1.23.5" },
    { name = "oauthlib", specifier = "~=3.2.0" },
    { name = "packaging", specifier = "~=23.2" },
    { name = "pandas", specifier = "~=1.5.3" },
    { name = "pandocfilters", specifier = "~=1.5.0" },
    { name = "parso", specifier = "~=0.8.3" },
    { name = "pathspec", specifier = "~=0.10.3" },
    { name = "patsy", specifier = "~=0.5.3" },
    { name = "pexpect", specifier = "~=4.8.0" },
    { name = "pickleshare", specifier = "~=0.7.5" },
    { name = "pillow", specifier = "~=9.4.0" },
    { name = "platformdirs", specifier = "~=2.5.2" },
    { name = "plotly", specifier = "~=5.9.0" },
    { name = "pluggy", specifier = "~=1.0.0" },
    { name = "prometheus-client", specifier = "~=0.14.1" },
    { name = "prompt-toolkit", specifier = "~=3.0.36" },
    { name = "protobuf", specifier = "~=4.25.5" },
    { name = "psutil", specifier = "~=5.9.0" },
    { name = "psycopg2", specifier = "~=2.9.3" },
    { name = "ptyprocess", specifier = "~=0.7.0" },
    { name = "pure-eval", specifier = "~=0.2.2" },
    { name = "py4j", specifier = "~=0.10.9.7" },
    { name = "pyarrow", specifier = "~=8.0.0" },
    { name = "pyarrow-hotfix", specifier = "~=0.5" },
    { name = "pyasn1", specifier = "~=0.5.1" },
    { name = "pyasn1-modules", specifier = "~=0.3.0" },
    { name = "pyccolo", specifier = "~=0.0.52" },
    { name = "pycparser", specifier = "~=2.21" },
    { name = "pydantic", specifier = "~=1.10.6" },
    { name = "pyflakes", specifier = "~=3.1.0" },
    { name = "pygments", specifier = "~=2.11.2" },
    { name = "pyjwt", specifier = "~=2.3.0" },
    { name = "pyodbc", specifier = "~=4.0.32" },
    { name = "pyparsing", specifier = "~=3.0.9" },
    { name = "pyright", specifier = "~=1.1.294" },
    { name = "pyrsistent", specifier = "~=0.18.0" },
    { name = "python-dateutil", specifier = "~=2.8.2" },
    { name = "python-lsp-jsonrpc", specifier = "~=1.1.1" },
    { name = "python-lsp-server", specifier = "~=1.8.0" },
    { name = "pytoolconfig", specifier = "~=1.2.5" },
    { name = "pytz", specifier = "~=2022.7" },
    { name = "pyzmq", specifier = "~=23.2.0" },
    { name = "requests", specifier = "~=2.28.1" },
    { name = "rope", specifier = "~=1.7.0" },
    { name = "rsa", specifier = "~=4.9" },
    { name = "s3transfer", specifier = "~=0.6.2" },
    { name = "scikit-learn", specifier = "~=1.1.1" },
    { name = "scipy", specifier = "~=1.10.0" },
    { name = "seaborn", specifier = "~=0.12.2" },
    { name = "secretstorage", specifier = "~=3.3.1" },
    { name = "send2trash", specifier = "~=1.8.0" },
    { name = "setuptools", specifier = "~=65.5.1" },
    { name = "six", specifier = "~=1.16.0" },
    { name = "sniffio", specifier = "~=1.2.0" },
    { name = "soupsieve", specifier = "~=2.3.2.post1" },
    { name = "ssh-import-id", specifier = "~=5.11" },
    { name = "stack-data", specifier = "~=0.2.0" },
    { name = "statsmodels", specifier = "~=0.13.5" },
    { name = "tenacity", specifier = "~=8.1.0" },
    { name = "terminado", specifier = "~=0.17.1" },
    { name = "threadpoolctl", specifier = "~=2.2.0" },
    { name = "tinycss2", specifier = "~=1.2.1" },
    { name = "tokenize-rt", specifier = "~=4.2.1" },
    { name = "tomli", specifier = "~=2.0.1" },
    { name = "tornado", specifier = "~=6.1" },
    { name = "traitlets", specifier = "~=5.7.1" },
    { name = "typing-extensions", specifier = "~=4.4.0" },
    { name = "ujson", specifier = "~=5.4.0" },
    { name = "urllib3", specifier = "~=1.26.14" },
    { name = "virtualenv", specifier = "~=20.16.7" },
    { name = "wadllib", specifier = "~=1.3.6" },
    { name = "wcwidth", specifier = "~=0.2.5" },
    { name = "webencodings", specifier = "~=0.5.1" },
    { name = "websocket-client", specifier = "~=0.58.0" },
    { name = "whatthepatch", specifier = "~=1.0.2" },
    { name = "wheel", specifier = "~=0.38.4" },
    { name = "widgetsnbextension", specifier = "~=3.6.1" },
    { name = "yapf", specifier = "~=0.33.0" },
    { name = "zipp", specifier = "~=1.0.0" },
]

[[package]]
name = "cachetools"
version = "5.3.3"
source = { registry = "https://pypi.org/simple" }
sdist = { url = "https://files.pythonhosted.org/packages/b3/4d/27a3e6dd09011649ad5210bdf963765bc8fa81a0827a4fc01bafd2705c5b/cachetools-5.3.3.tar.gz", hash = "sha256:ba29e2dfa0b8b556606f097407ed1aa62080ee108ab0dc5ec9d6a723a007d105", size = 26522, upload-time = "2024-02-26T20:33:23.386Z" }
wheels = [
    { url = "https://files.pythonhosted.org/packages/fb/2b/a64c2d25a37aeb921fddb929111413049fc5f8b9a4c1aefaffaafe768d54/cachetools-5.3.3-py3-none-any.whl", hash = "sha256:0abad1021d3f8325b2fc1d2e9c8b9c9d57b04c3932657a72465447332c24d945", size = 9325, upload-time = "2024-02-26T20:33:20.308Z" },
]

[[package]]
name = "certifi"
version = "2022.12.7"
source = { registry = "https://pypi.org/simple" }
sdist = { url = "https://files.pythonhosted.org/packages/37/f7/2b1b0ec44fdc30a3d31dfebe52226be9ddc40cd6c0f34ffc8923ba423b69/certifi-2022.12.7.tar.gz", hash = "sha256:35824b4c3a97115964b408844d64aa14db1cc518f6562e8d7261699d1350a9e3", size = 156897, upload-time = "2022-12-07T20:13:22.081Z" }
wheels = [
    { url = "https://files.pythonhosted.org/packages/71/4c/3db2b8021bd6f2f0ceb0e088d6b2d49147671f25832fb17970e9b583d742/certifi-2022.12.7-py3-none-any.whl", hash = "sha256:4ad3232f5e926d6718ec31cfc1fcadfde020920e278684144551c91769c7bc18", size = 155255, upload-time = "2022-12-07T20:13:19.428Z" },
]

[[package]]
name = "charset-normalizer"
version = "2.0.12"
source = { registry = "https://pypi.org/simple" }
sdist = { url = "https://files.pythonhosted.org/packages/56/31/7bcaf657fafb3c6db8c787a865434290b726653c912085fbd371e9b92e1c/charset-normalizer-2.0.12.tar.gz", hash = "sha256:2857e29ff0d34db842cd7ca3230549d1a697f96ee6d3fb071cfa6c7393832597", size = 79105, upload-time = "2022-02-12T14:33:13.788Z" }
wheels = [
    { url = "https://files.pythonhosted.org/packages/06/b3/24afc8868eba069a7f03650ac750a778862dc34941a4bebeb58706715726/charset_normalizer-2.0.12-py3-none-any.whl", hash = "sha256:6881edbebdb17b39b4eaaa821b438bf6eddffb4468cf344f09f89def34a8b1df", size = 39623, upload-time = "2022-02-12T14:33:12.294Z" },
]

[[package]]
name = "databricks"
version = "0.0.0"
source = { virtual = "." }

[package.dev-dependencies]
dev = [
    { name = "databricks-connect" },
]

[package.metadata]

[package.metadata.requires-dev]
dev = [{ name = "databricks-connect", specifier = "~=14.3.0" }]

[[package]]
name = "databricks-connect"
version = "14.3.23"
source = { registry = "https://pypi.org/simple" }
dependencies = [
    { name = "databricks-sdk" },
    { name = "googleapis-common-protos" },
    { name = "grpcio" },
    { name = "grpcio-status" },
    { name = "numpy" },
    { name = "packaging" },
    { name = "pandas" },
    { name = "py4j" },
    { name = "pyarrow" },
    { name = "six" },
]
wheels = [
    { url = "https://files.pythonhosted.org/packages/62/09/aad5833fba358ae14b195fdb5e63e44824121fa0f17efa359543860bc255/databricks_connect-14.3.23-py2.py3-none-any.whl", hash = "sha256:8d247a0fd26479958bc1018725b35094bd02750fcca7142bf9615f2b2d7fdd75", size = 2238284, upload-time = "2026-08-14T20:59:12.68Z" },
]

[[package]]
name = "databricks-sdk"
version = "0.140.0"
source = { registry = "https://pypi.org/simple" }
dependencies = [
    { name = "google-auth" },
    { name = "protobuf" },
    { name = "requests" },
    { name = "urllib3" },
]
sdist = { url = "https://files.pythonhosted.org/packages/90/a1/01d3419b95570bc79a2b3481bb2876637a174e35fa195c9391e881ad7d82/databricks_sdk-0.140.0.tar.gz", hash = "sha256:e61d756bd17bf4fc1cdbdde543364ef792f45d0982e0258c913843720d06d8fd", size = 1108643, upload-time = "2026-09-19T04:31:50.193Z" }
wheels = [
    { url = "https://files.pythonhosted.org/packages/12/43/4e95a94137d7291c0927f52e3d975f7328503c0e847e5816b39b0d865607/databricks_sdk-0.140.0-py3-none-any.whl", hash = "sha256:32d1470de6364ceb80f70350e22335be850a13376874f8764384b671f2f6a2af", size = 1052867, upload-time = "2026-09-19T04:31:48.362Z" },
]

[[package]]
name = "google-auth"
version = "2.28.2"
source = { registry = "https://pypi.org/simple" }
dependencies = [
    { name = "cachetools" },
    { name = "pyasn1-modules" },
    { name = "rsa" },
]
sdist = { url = "https://files.pythonhosted.org/packages/7a/10/b3a860c103832a6a3353b47f9ebcf49ebe7f0c8ccf5cd39e89cffe67d98e/google-auth-2.28.2.tar.gz", hash = "sha256:80b8b4969aa9ed5938c7828308f20f035bc79f9d8fb8120bf9dc8db20b41ba30", size = 240450, upload-time = "2024-03-08T19:19:12.453Z" }
wheels = [
    { url = "https://files.pythonhosted.org/packages/92/94/35ba55b5011185ea1c995938e7851b25e6092f15658afa9263cd65a67dd4/google_auth-2.28.2-py2.py3-none-any.whl", hash = "sha256:9fd67bbcd40f16d9d42f950228e9cf02a2ded4ae49198b27432d0cded5a74c38", size = 186854, upload-time = "2024-03-08T19:19:09.193Z" },
]

[[package]]
name = "googleapis-common-protos"
version = "1.62.0"
source = { registry = "https://pypi.org/simple" }
dependencies = [
    { name = "protobuf" },
]
sdist = { url = "https://files.pythonhosted.org/packages/4a/5f/eb12d721b45d20a977289d674e179995a0ddab1684d2c61b29a63d43a5f1/googleapis-common-protos-1.62.0.tar.gz", hash = "sha256:83f0ece9f94e5672cced82f592d2a5edf527a96ed1794f0bab36d5735c996277", size = 121172, upload-time = "2023-12-07T19:19:08.002Z" }
wheels = [
    { url = "https://files.pythonhosted.org/packages/f0/43/c9d8f75ddf08e2a0a27db243c13a700c3cc7ec615b545b697cf6f715ad92/googleapis_common_protos-1.62.0-py2.py3-none-any.whl", hash = "sha256:4750113612205514f9f6aa4cb00d523a94f3e8c06c5ad2fee466387dc4875f07", size = 228660, upload-time = "2023-12-07T19:19:06.149Z" },
]

[[package]]
name = "grpcio"
version = "1.74.0"
source = { registry = "https://pypi.org/simple" }
sdist = { url = "https://files.pythonhosted.org/packages/38/b4/35feb8f7cab7239c5b94bd2db71abb3d6adb5f335ad8f131abb6060840b6/grpcio-1.74.0.tar.gz", hash = "sha256:80d1f4fbb35b0742d3e3d3bb654b7381cd5f015f8497279a1e9c21ba623e01b1", size = 12756048, upload-time = "2025-07-24T18:54:23.039Z" }
wheels = [
    { url = "https://files.pythonhosted.org/packages/66/54/68e51a90797ad7afc5b0a7881426c337f6a9168ebab73c3210b76aa7c90d/grpcio-1.74.0-cp310-cp310-linux_armv7l.whl", hash = "sha256:85bd5cdf4ed7b2d6438871adf6afff9af7096486fcf51818a81b77ef4dd30907", size = 5481935, upload-time = "2025-07-24T18:52:43.756Z" },
    { url = "https://files.pythonhosted.org/packages/32/2a/af817c7e9843929e93e54d09c9aee2555c2e8d81b93102a9426b36e91833/grpcio-1.74.0-cp310-cp310-macosx_11_0_universal2.whl", hash = "sha256:68c8ebcca945efff9d86d8d6d7bfb0841cf0071024417e2d7f45c5e46b5b08eb", size = 10986796, upload-time = "2025-07-24T18:52:47.219Z" },
    { url = "https://files.pythonhosted.org/packages/d5/94/d67756638d7bb07750b07d0826c68e414124574b53840ba1ff777abcd388/grpcio-1.74.0-cp310-cp310-manylinux_2_17_aarch64.whl", hash = "sha256:e154d230dc1bbbd78ad2fdc3039fa50ad7ffcf438e4eb2fa30bce223a70c7486", size = 5983663, upload-time = "2025-07-24T18:52:49.463Z" },
    { url = "https://files.pythonhosted.org/packages/35/f5/c5e4853bf42148fea8532d49e919426585b73eafcf379a712934652a8de9/grpcio-1.74.0-cp310-cp310-manylinux_2_17_i686.manylinux2014_i686.whl", hash = "sha256:e8978003816c7b9eabe217f88c78bc26adc8f9304bf6a594b02e5a49b2ef9c11", size = 6653765, upload-time = "2025-07-24T18:52:51.094Z" },
    { url = "https://files.pythonhosted.org/packages/fd/75/a1991dd64b331d199935e096cc9daa3415ee5ccbe9f909aa48eded7bba34/grpcio-1.74.0-cp310-cp310-manylinux_2_17_x86_64.manylinux2014_x86_64.whl", hash = "sha256:c3d7bd6e3929fd2ea7fbc3f562e4987229ead70c9ae5f01501a46701e08f1ad9", size = 6215172, upload-time = "2025-07-24T18:52:53.282Z" },
    { url = "https://files.pythonhosted.org/packages/01/a4/7cef3dbb3b073d0ce34fd507efc44ac4c9442a0ef9fba4fb3f5c551efef5/grpcio-1.74.0-cp310-cp310-musllinux_1_1_aarch64.whl", hash = "sha256:136b53c91ac1d02c8c24201bfdeb56f8b3ac3278668cbb8e0ba49c88069e1bdc", size = 6329142, upload-time = "2025-07-24T18:52:54.927Z" },
    { url = "https://files.pythonhosted.org/packages/bf/d3/587920f882b46e835ad96014087054655312400e2f1f1446419e5179a383/grpcio-1.74.0-cp310-cp310-musllinux_1_1_i686.whl", hash = "sha256:fe0f540750a13fd8e5da4b3eaba91a785eea8dca5ccd2bc2ffe978caa403090e", size = 7018632, upload-time = "2025-07-24T18:52:56.523Z" },
    { url = "https://files.pythonhosted.org/packages/1f/95/c70a3b15a0bc83334b507e3d2ae20ee8fa38d419b8758a4d838f5c2a7d32/grpcio-1.74.0-cp310-cp310-musllinux_1_1_x86_64.whl", hash = "sha256:4e4181bfc24413d1e3a37a0b7889bea68d973d4b45dd2bc68bb766c140718f82", size = 6509641, upload-time = "2025-07-24T18:52:58.495Z" },
    { url = "https://files.pythonhosted.org/packages/4b/06/2e7042d06247d668ae69ea6998eca33f475fd4e2855f94dcb2aa5daef334/grpcio-1.74.0-cp310-cp310-win32.whl", hash = "sha256:1733969040989f7acc3d94c22f55b4a9501a30f6aaacdbccfaba0a3ffb255ab7", size = 3817478, upload-time = "2025-07-24T18:53:00.128Z" },
    { url = "https://files.pythonhosted.org/packages/93/20/e02b9dcca3ee91124060b65bbf5b8e1af80b3b76a30f694b44b964ab4d71/grpcio-1.74.0-cp310-cp310-win_amd64.whl", hash = "sha256:9e912d3c993a29df6c627459af58975b2e5c897d93287939b9d5065f000249b5", size = 4493971, upload-time = "2025-07-24T18:53:02.068Z" },
]

[[package]]
name = "grpcio-status"
version = "1.62.3"
source = { registry = "https://pypi.org/simple" }
dependencies = [
    { name = "googleapis-common-protos" },
    { name = "grpcio" },
    { name = "protobuf" },
]
sdist = { url = "https://files.pythonhosted.org/packages/7c/d7/013ef01c5a1c2fd0932c27c904934162f69f41ca0f28396d3ffe4d386123/grpcio-status-1.62.3.tar.gz", hash = "sha256:289bdd7b2459794a12cf95dc0cb727bd4a1742c37bd823f760236c937e53a485", size = 13063, upload-time = "2024-08-06T00:37:08.003Z" }
wheels = [
    { url = "https://files.pythonhosted.org/packages/90/40/972271de05f9315c0d69f9f7ebbcadd83bc85322f538637d11bb8c67803d/grpcio_status-1.62.3-py3-none-any.whl", hash = "sha256:f9049b762ba8de6b1086789d8315846e094edac2c50beaf462338b301a8fd4b8", size = 14448, upload-time = "2024-08-06T00:30:15.702Z" },
]

[[package]]
name = "idna"
version = "3.20"
source = { registry = "https://pypi.org/simple" }
sdist = { url = "https://files.pythonhosted.org/packages/f5/08/8eea9d4b8302028f3abb2c0813953f7aec26d33b7a8960ed760e65ff29fa/idna-3.20.tar.gz", hash = "sha256:a7db850025b95ded1eae8a46181a1a6c56c92c96f0e2b005d9ff8dc0210cab44", size = 216463, upload-time = "2026-09-17T14:11:04.752Z" }
wheels = [
    { url = "https://files.pythonhosted.org/packages/58/a2/bb081bab032533a855d44de1d56f8e8426114ff1ba5d1f07a438a0a654f8/idna-3.20-py3-none-any.whl", hash = "sha256:ab7ae7122974553370f0bdb919e1a960b2cd1bc1ef0276416d896db81c14582c", size = 69583, upload-time = "2026-09-17T14:11:03.168Z" },
]

[[package]]
name = "numpy"
version = "1.23.5"
source = { registry = "https://pypi.org/simple" }
sdist = { url = "https://files.pythonhosted.org/packages/42/38/775b43da55fa7473015eddc9a819571517d9a271a9f8134f68fb9be2f212/numpy-1.23.5.tar.gz", hash = "sha256:1b1766d6f397c18153d40015ddfc79ddb715cabadc04d2d228d4e5a8bc4ded1a", size = 10731755, upload-time = "2022-11-20T01:31:41.068Z" }
wheels = [
    { url = "https://files.pythonhosted.org/packages/0f/ae/dad4b8e7c65494cbbd1c063de114efaf9acd0f5f6171f044f0d4b6299787/numpy-1.23.5-cp310-cp310-macosx_10_9_x86_64.whl", hash = "sha256:9c88793f78fca17da0145455f0d7826bcb9f37da4764af27ac945488116efe63", size = 18118138, upload-time = "2022-11-20T01:21:22.661Z" },
    { url = "https://files.pythonhosted.org/packages/4d/39/d33202cc56c21123a50c6d5e160d00c18ff685ab864dbd4bf80dd40a7af9/numpy-1.23.5-cp310-cp310-macosx_11_0_arm64.whl", hash = "sha256:e9f4c4e51567b616be64e05d517c79a8a22f3606499941d97bb76f2ca59f982d", size = 13350465, upload-time = "2022-11-20T01:21:43.839Z" },
    { url = "https://files.pythonhosted.org/packages/67/6b/d7c93d458d16464da9b3f560a20c363a19e242ebbb019bd1e1d797523851/numpy-1.23.5-cp310-cp310-manylinux_2_17_aarch64.manylinux2014_aarch64.whl", hash = "sha256:7903ba8ab592b82014713c491f6c5d3a1cde5b4a3bf116404e08f5b52f6daf43", size = 13946528, upload-time = "2022-11-20T01:22:04.839Z" },
    { url = "https://files.pythonhosted.org/packages/e4/f3/679b3a042a127de0d7c84874913c3e23bb84646eb3bc6ecab3f8c872edc9/numpy-1.23.5-cp310-cp310-manylinux_2_17_x86_64.manylinux2014_x86_64.whl", hash = "sha256:5e05b1c973a9f858c74367553e236f287e749465f773328c8ef31abe18f691e1", size = 17059657, upload-time = "2022-11-20T01:22:30.262Z" },
    { url = "https://files.pythonhosted.org/packages/af/92/8efba008b9bda66456a1844a0e133dc76c08c5fb68c67a674f046211db29/numpy-1.23.5-cp310-cp310-win32.whl", hash = "sha256:522e26bbf6377e4d76403826ed689c295b0b238f46c28a7251ab94716da0b280", size = 12197097, upload-time = "2022-11-20T01:22:49.117Z" },
    { url = "https://files.pythonhosted.org/packages/6a/03/ae6c3c307f9c5c7516de3df3e764ebb1de33e54e197f0370992138433ef4/numpy-1.23.5-cp310-cp310-win_amd64.whl", hash = "sha256:dbee87b469018961d1ad79b1a5d50c0ae850000b639bcb1b694e9981083243b6", size = 14647128, upload-time = "2022-11-20T01:23:11.326Z" },
]

[[package]]
name = "packaging"
version = "23.2"
source = { registry = "https://pypi.org/simple" }
sdist = { url = "https://files.pythonhosted.org/packages/fb/2b/9b9c33ffed44ee921d0967086d653047286054117d584f1b1a7c22ceaf7b/packaging-23.2.tar.gz", hash = "sha256:048fb0e9405036518eaaf48a55953c750c11e1a1b68e0dd1a9d62ed0c092cfc5", size = 146714, upload-time = "2023-10-01T13:50:05.279Z" }
wheels = [
    { url = "https://files.pythonhosted.org/packages/ec/1a/610693ac4ee14fcdf2d9bf3c493370e4f2ef7ae2e19217d7a237ff42367d/packaging-23.2-py3-none-any.whl", hash = "sha256:8c491190033a9af7e1d931d0b5dacc2ef47509b34dd0de67ed209b5203fc88c7", size = 53011, upload-time = "2023-10-01T13:50:03.745Z" },
]

[[package]]
name = "pandas"
version = "1.5.3"
source = { registry = "https://pypi.org/simple" }
dependencies = [
    { name = "numpy" },
    { name = "python-dateutil" },
    { name = "pytz" },
]
sdist = { url = "https://files.pythonhosted.org/packages/74/ee/146cab1ff6d575b54ace8a6a5994048380dc94879b0125b25e62edcb9e52/pandas-1.5.3.tar.gz", hash = "sha256:74a3fd7e5a7ec052f183273dc7b0acd3a863edf7520f5d3a1765c04ffdb3b0b1", size = 5203060, upload-time = "2023-01-19T08:31:39.615Z" }
wheels = [
    { url = "https://files.pythonhosted.org/packages/a9/cd/34f6b0780301be81be804d7aa71d571457369e6131e2b330af2b0fed1aad/pandas-1.5.3-cp310-cp310-macosx_10_9_universal2.whl", hash = "sha256:3749077d86e3a2f0ed51367f30bf5b82e131cc0f14260c4d3e499186fccc4406", size = 18619230, upload-time = "2023-01-19T08:29:07.301Z" },
    { url = "https://files.pythonhosted.org/packages/5f/34/b7858bb7d6d6bf4d9df1dde777a11fcf3ff370e1d1b3956e3d0fcca8322c/pandas-1.5.3-cp310-cp310-macosx_10_9_x86_64.whl", hash = "sha256:972d8a45395f2a2d26733eb8d0f629b2f90bebe8e8eddbb8829b180c09639572", size = 11982991, upload-time = "2023-01-19T08:29:15.383Z" },
    { url = "https://files.pythonhosted.org/packages/b8/6c/005bd604994f7cbede4d7bf030614ef49a2213f76bc3d738ecf5b0dcc810/pandas-1.5.3-cp310-cp310-macosx_11_0_arm64.whl", hash = "sha256:50869a35cbb0f2e0cd5ec04b191e7b12ed688874bd05dd777c19b28cbea90996", size = 10927131, upload-time = "2023-01-19T08:29:20.342Z" },
    { url = "https://files.pythonhosted.org/packages/27/c7/35b81ce5f680f2dac55eac14d103245cd8cf656ae4a2ff3be2e69fd1d330/pandas-1.5.3-cp310-cp310-manylinux_2_17_aarch64.manylinux2014_aarch64.whl", hash = "sha256:c3ac844a0fe00bfaeb2c9b51ab1424e5c8744f89860b138434a363b1f620f354", size = 11368188, upload-time = "2023-01-19T08:29:25.807Z" },
    { url = "https://files.pythonhosted.org/packages/49/e2/79e46612dc25ebc7603dc11c560baa7266c90f9e48537ecf1a02a0dd6bff/pandas-1.5.3-cp310-cp310-manylinux_2_17_x86_64.manylinux2014_x86_64.whl", hash = "sha256:7a0a56cef15fd1586726dace5616db75ebcfec9179a3a55e78f72c5639fa2a23", size = 12062104, upload-time = "2023-01-19T08:29:30.695Z" },
    { url = "https://files.pythonhosted.org/packages/d9/cd/f27c2992cbe05a3e39937f73a4be635a9ec149ec3ca4467d8cf039718994/pandas-1.5.3-cp310-cp310-win_amd64.whl", hash = "sha256:478ff646ca42b20376e4ed3fa2e8d7341e8a63105586efe54fa2508ee087f328", size = 10362473, upload-time = "2023-01-19T08:29:37.506Z" },
]

[[package]]
name = "protobuf"
version = "4.25.9"
source = { registry = "https://pypi.org/simple" }
sdist = { url = "https://files.pythonhosted.org/packages/d9/8e/d08c41a8c004e1d437ef467e7c4f9c3295cd784eba48ed5d1d01f94b1dad/protobuf-4.25.9.tar.gz", hash = "sha256:b0dc7e7c68de8b1ce831dacb12fb407e838edbb8b6cc0dc3a2a6b4cbf6de9cff", size = 381040, upload-time = "2026-03-25T23:09:36.423Z" }
wheels = [
    { url = "https://files.pythonhosted.org/packages/a8/e9/59435bd04bdd46cb38c42a336b22f9843e8e586ff83c35a5423f8b14704e/protobuf-4.25.9-cp310-abi3-win32.whl", hash = "sha256:bde396f568b0b46fc8fbfe9f02facf25b6755b2578a3b8ac61e74b9d69499e03", size = 392879, upload-time = "2026-03-25T23:09:21.32Z" },
    { url = "https://files.pythonhosted.org/packages/f3/16/42a5c7f1001783d2b5bfcecde10127f09010f78982c86ae409122ce3ece6/protobuf-4.25.9-cp310-abi3-win_amd64.whl", hash = "sha256:3683c05154252206f7cb2d371626514b3708199d9bcf683b503dabf3a2e38e06", size = 413900, upload-time = "2026-03-25T23:09:23.589Z" },
    { url = "https://files.pythonhosted.org/packages/56/5b/0074a0a9eb01f3d1c4648ca5e81b22090c811b210b61df9018ac6d6c5cda/protobuf-4.25.9-cp37-abi3-macosx_10_9_universal2.whl", hash = "sha256:9560813560e6ee72c11ca8873878bdb7ee003c96a57ebb013245fe84e2540904", size = 394826, upload-time = "2026-03-25T23:09:25.194Z" },
    { url = "https://files.pythonhosted.org/packages/54/aa/b2dba856f64c36b2a06c67be1472de98cca07a2322d0f0cbf03279a40e5b/protobuf-4.25.9-cp37-abi3-manylinux2014_aarch64.whl", hash = "sha256:999146ef02e7fa6a692477badd1528bcd7268df211852a3df2d834ba2b480791", size = 294191, upload-time = "2026-03-25T23:09:26.613Z" },
    { url = "https://files.pythonhosted.org/packages/a8/5c/53f18822017b8bda6bd8bb4e02048e911fdc79a3dafdc83ab994fe922a84/protobuf-4.25.9-cp37-abi3-manylinux2014_x86_64.whl", hash = "sha256:438c636de8fb706a0de94a12a268ef1ae8f5ba5ae655a7671fcda5968ba3c9be", size = 295178, upload-time = "2026-03-25T23:09:27.839Z" },
    { url = "https://files.pythonhosted.org/packages/16/28/d5065b212685875d3924bcdb3201cbf467cb4d58a18aa19a8dfd99ea80a9/protobuf-4.25.9-py3-none-any.whl", hash = "sha256:d49b615e7c935194ac161f0965699ac84df6112c378e05ec53da65d2e4cbb6d4", size = 156822, upload-time = "2026-03-25T23:09:34.957Z" },
]

[[package]]
name = "py4j"
version = "0.10.9.7"
source = { registry = "https://pypi.org/simple" }
sdist = { url = "https://files.pythonhosted.org/packages/1e/f2/b34255180c72c36ff7097f7c2cdca02abcbd89f5eebf7c7c41262a9a0637/py4j-0.10.9.7.tar.gz", hash = "sha256:0b6e5315bb3ada5cf62ac651d107bb2ebc02def3dee9d9548e3baac644ea8dbb", size = 1508234, upload-time = "2022-08-12T22:49:09.792Z" }
wheels = [
    { url = "https://files.pythonhosted.org/packages/10/30/a58b32568f1623aaad7db22aa9eafc4c6c194b429ff35bdc55ca2726da47/py4j-0.10.9.7-py2.py3-none-any.whl", hash = "sha256:85defdfd2b2376eb3abf5ca6474b51ab7e0de341c75a02f46dc9b5976f5a5c1b", size = 200481, upload-time = "2022-08-12T22:49:07.05Z" },
]

[[package]]
name = "pyarrow"
version = "8.0.0"
source = { registry = "https://pypi.org/simple" }
dependencies = [
    { name = "numpy" },
]
sdist = { url = "https://files.pythonhosted.org/packages/e2/3e/fe46e9b9bae7f8268693c5d963fb37f88a59798d0ff041dd8452d5bbf9c2/pyarrow-8.0.0.tar.gz", hash = "sha256:4a18a211ed888f1ac0b0ebcb99e2d9a3e913a481120ee9b1fe33d3fedb945d4e", size = 846621, upload-time = "2022-05-06T21:36:10.882Z" }
wheels = [
    { url = "https://files.pythonhosted.org/packages/2f/d4/d9702258f4a510970b6a71880684104f06d3f60af1e4413e7aaf78694e66/pyarrow-8.0.0-cp310-cp310-macosx_10_13_universal2.whl", hash = "sha256:d5ef4372559b191cafe7db8932801eee252bfc35e983304e7d60b6954576a071", size = 32556899, upload-time = "2022-05-06T21:32:25.549Z" },
    { url = "https://files.pythonhosted.org/packages/81/1a/4a741791c6a725147f86a2c15e645f72661b37bf093872f800eb94545fc1/pyarrow-8.0.0-cp310-cp310-macosx_10_13_x86_64.whl", hash = "sha256:863be6bad6c53797129610930794a3e797cb7d41c0a30e6794a2ac0e42ce41b8", size = 22394893, upload-time = "2022-05-06T21:32:34.11Z" },
    { url = "https://files.pythonhosted.org/packages/6c/3a/f4104399cdb5a1304c6a48b20427c74d5f96389614077cd745e2c23a3c6f/pyarrow-8.0.0-cp310-cp310-macosx_10_9_x86_64.whl", hash = "sha256:69b043a3fce064ebd9fbae6abc30e885680296e5bd5e6f7353e6a87966cf2ad7", size = 20857994, upload-time = "2022-05-06T21:32:41.259Z" },
    { url = "https://files.pythonhosted.org/packages/51/c5/48dcdd99778a01bfdcf3717d2edfc78b05b41184eff538a4dc838ea1e7d7/pyarrow-8.0.0-cp310-cp310-macosx_11_0_arm64.whl", hash = "sha256:51e58778fcb8829fca37fbfaea7f208d5ce7ea89ea133dd13d8ce745278ee6f0", size = 16188681, upload-time = "2022-05-06T21:32:47.578Z" },
    { url = "https://files.pythonhosted.org/packages/9f/3e/fa83bf23846b9f6b04c98a52f4b5d5020b8dd1346d63c9b7a5e4ee1d0833/pyarrow-8.0.0-cp310-cp310-manylinux_2_12_x86_64.manylinux2010_x86_64.whl", hash = "sha256:15511ce2f50343f3fd5e9f7c30e4d004da9134e9597e93e9c96c3985928cbe82", size = 28078418, upload-time = "2022-05-06T21:32:56.455Z" },
    { url = "https://files.pythonhosted.org/packages/d5/16/2c5d265fbd4e99823ebbe3e9eb81e17736e103568c1c0e44d555f4866a7e/pyarrow-8.0.0-cp310-cp310-manylinux_2_17_aarch64.manylinux2014_aarch64.whl", hash = "sha256:ea132067ec712d1b1116a841db1c95861508862b21eddbcafefbce8e4b96b867", size = 27212005, upload-time = "2022-05-06T21:33:05.015Z" },
    { url = "https://files.pythonhosted.org/packages/fe/ab/c553efac26637b338c92d44d48e2c8b566a7d3ccd45bfa58ec2a00e00006/pyarrow-8.0.0-cp310-cp310-manylinux_2_17_x86_64.manylinux2014_x86_64.whl", hash = "sha256:deb400df8f19a90b662babceb6dd12daddda6bb357c216e558b207c0770c7654", size = 29400275, upload-time = "2022-05-06T21:33:14.918Z" },
    { url = "https://files.pythonhosted.org/packages/a5/c4/b92d38d3aeb132417470029ba180d0c38cb5d99786cce2d585930dd92153/pyarrow-8.0.0-cp310-cp310-win_amd64.whl", hash = "sha256:3bd201af6e01f475f02be88cf1f6ee9856ab98c11d8bbb6f58347c58cd07be00", size = 17864590, upload-time = "2022-05-06T21:33:21.292Z" },
]

[[package]]
name = "pyasn1"
version = "0.5.1"
source = { registry = "https://pypi.org/simple" }
sdist = { url = "https://files.pythonhosted.org/packages/ce/dc/996e5446a94627fe8192735c20300ca51535397e31e7097a3cc80ccf78b7/pyasn1-0.5.1.tar.gz", hash = "sha256:6d391a96e59b23130a5cfa74d6fd7f388dbbe26cc8f1edf39fdddf08d9d6676c", size = 147134, upload-time = "2023-11-20T20:53:01.453Z" }
wheels = [
    { url = "https://files.pythonhosted.org/packages/d1/75/4686d2872bf2fc0b37917cbc8bbf0dd3a5cdb0990799be1b9cbf1e1eb733/pyasn1-0.5.1-py2.py3-none-any.whl", hash = "sha256:4439847c58d40b1d0a573d07e3856e95333f1976294494c325775aeca506eb58", size = 84930, upload-time = "2023-11-20T20:52:56.135Z" },
]

[[package]]
name = "pyasn1-modules"
version = "0.3.0"
source = { registry = "https://pypi.org/simple" }
dependencies = [
    { name = "pyasn1" },
]
sdist = { url = "https://files.pythonhosted.org/packages/3b/e4/7dec823b1b5603c5b3c51e942d5d9e65efd6ff946e713a325ed4146d070f/pyasn1_modules-0.3.0.tar.gz", hash = "sha256:5bd01446b736eb9d31512a30d46c1ac3395d676c6f3cafa4c03eb54b9925631c", size = 307901, upload-time = "2023-04-20T01:31:22.369Z" }
wheels = [
    { url = "https://files.pythonhosted.org/packages/cd/8e/bea464350e1b8c6ed0da3a312659cb648804a08af6cacc6435867f74f8bd/pyasn1_modules-0.3.0-py2.py3-none-any.whl", hash = "sha256:d3ccd6ed470d9ffbc716be08bd90efbd44d0734bc9303818f7336070984a162d", size = 181306, upload-time = "2023-04-20T01:30:05.837Z" },
]

[[package]]
name = "python-dateutil"
version = "2.8.2"
source = { registry = "https://pypi.org/simple" }
dependencies = [
    { name = "six" },
]
sdist = { url = "https://files.pythonhosted.org/packages/4c/c4/13b4776ea2d76c115c1d1b84579f3764ee6d57204f6be27119f13a61d0a9/python-dateutil-2.8.2.tar.gz", hash = "sha256:0123cacc1627ae19ddf3c27a5de5bd67ee4586fbdd6440d9748f8abb483d3e86", size = 357324, upload-time = "2021-07-14T08:19:19.783Z" }
wheels = [
    { url = "https://files.pythonhosted.org/packages/36/7a/87837f39d0296e723bb9b62bbb257d0355c7f6128853c78955f57342a56d/python_dateutil-2.8.2-py2.py3-none-any.whl", hash = "sha256:961d03dc3453ebbc59dbdea9e4e11c5651520a876d0f4db161e8674aae935da9", size = 247702, upload-time = "2021-07-14T08:19:18.161Z" },
]

[[package]]
name = "pytz"
version = "2022.7.1"
source = { registry = "https://pypi.org/simple" }
sdist = { url = "https://files.pythonhosted.org/packages/03/3e/dc5c793b62c60d0ca0b7e58f1fdd84d5aaa9f8df23e7589b39cc9ce20a03/pytz-2022.7.1.tar.gz", hash = "sha256:01a0681c4b9684a28304615eba55d1ab31ae00bf68ec157ec3708a8182dbbcd0", size = 313522, upload-time = "2023-01-14T12:25:05.384Z" }
wheels = [
    { url = "https://files.pythonhosted.org/packages/2e/09/fbd3c46dce130958ee8e0090f910f1fe39e502cc5ba0aadca1e8a2b932e5/pytz-2022.7.1-py2.py3-none-any.whl", hash = "sha256:78f4f37d8198e0627c5f1143240bb0206b8691d8d7ac6d78fee88b78733f8c4a", size = 499377, upload-time = "2023-01-14T12:25:02.823Z" },
]

[[package]]
name = "requests"
version = "2.28.2"
source = { registry = "https://pypi.org/simple" }
dependencies = [
    { name = "certifi" },
    { name = "charset-normalizer" },
    { name = "idna" },
    { name = "urllib3" },
]
sdist = { url = "https://files.pythonhosted.org/packages/9d/ee/391076f5937f0a8cdf5e53b701ffc91753e87b07d66bae4a09aa671897bf/requests-2.28.2.tar.gz", hash = "sha256:98b1b2782e3c6c4904938b84c0eb932721069dfdb9134313beff7c83c2df24bf", size = 108206, upload-time = "2023-01-12T16:24:54.687Z" }
wheels = [
    { url = "https://files.pythonhosted.org/packages/d2/f4/274d1dbe96b41cf4e0efb70cbced278ffd61b5c7bb70338b62af94ccb25b/requests-2.28.2-py3-none-any.whl", hash = "sha256:64299f4909223da747622c030b781c0d7811e359c37124b4bd368fb8c6518baa", size = 62822, upload-time = "2023-01-12T16:24:52.241Z" },
]

[[package]]
name = "rsa"
version = "4.9.1"
source = { registry = "https://pypi.org/simple" }
dependencies = [
    { name = "pyasn1" },
]
sdist = { url = "https://files.pythonhosted.org/packages/da/8a/22b7beea3ee0d44b1916c0c1cb0ee3af23b700b6da9f04991899d0c555d4/rsa-4.9.1.tar.gz", hash = "sha256:e7bdbfdb5497da4c07dfd35530e1a902659db6ff241e39d9953cad06ebd0ae75", size = 29034, upload-time = "2025-04-16T09:51:18.218Z" }
wheels = [
    { url = "https://files.pythonhosted.org/packages/64/8d/0133e4eb4beed9e425d9a98ed6e081a55d195481b7632472be1af08d2f6b/rsa-4.9.1-py3-none-any.whl", hash = "sha256:68635866661c6836b8d39430f97a996acbd61bfa49406748ea243539fe239762", size = 34696, upload-time = "2025-04-16T09:51:17.142Z" },
]

[[package]]
name = "six"
version = "1.16.0"
source = { registry = "https://pypi.org/simple" }
sdist = { url = "https://files.pythonhosted.org/packages/71/39/171f1c67cd00715f190ba0b100d606d440a28c93c7714febeca8b79af85e/six-1.16.0.tar.gz", hash = "sha256:1e61c37477a1626458e36f7b1d82aa5c9b094fa4802892072e49de9c60c4c926", size = 34041, upload-time = "2021-05-05T14:18:18.379Z" }
wheels = [
    { url = "https://files.pythonhosted.org/packages/d9/5a/e7c31adbe875f2abbb91bd84cf2dc52d792b5a01506781dbcf25c91daf11/six-1.16.0-py2.py3-none-any.whl", hash = "sha256:8abb2f1d86890a2dfb989f9a77cfcfd3e47c2a354b01111771326f8aa26e0254", size = 11053, upload-time = "2021-05-05T14:18:17.237Z" },
]

[[package]]
name = "urllib3"
version = "1.26.20"
source = { registry = "https://pypi.org/simple" }
sdist = { url = "https://files.pythonhosted.org/packages/e4/e8/6ff5e6bc22095cfc59b6ea711b687e2b7ed4bdb373f7eeec370a97d7392f/urllib3-1.26.20.tar.gz", hash = "sha256:40c2dc0c681e47eb8f90e7e27bf6ff7df2e677421fd46756da1161c39ca70d32", size = 307380, upload-time = "2024-08-29T15:43:11.37Z" }
wheels = [
    { url = "https://files.pythonhosted.org/packages/33/cf/8435d5a7159e2a9c83a95896ed596f68cf798005fe107cc655b5c5c14704/urllib3-1.26.20-py2.py3-none-any.whl", hash = "sha256:0ed14ccfbf1c30a9072c7ca157e4319b70d65f623e91e7b32fadb2853431016e", size = 144225, upload-time = "2024-08-29T15:43:08.921Z" },
]
